{
  "version": "5",
  "redirects": {
    "https://esm.sh/@supabase/supabase-js@2": "https://esm.sh/@supabase/supabase-js@2.110.8"
  },
  "remote": {
    "https://esm.sh/@supabase/supabase-js@2.110.8": "3fe5b529aba9ea7d19e980feb977d4da1f9300cb5378942b32f1522c21649623"
  },
  "workspace": {
    "packageJson": {
      "dependencies": [
        "npm:@eslint/js@^9.30.1",
        "npm:@supabase/supabase-js@^2.52.0",
        "npm:@testing-library/jest-dom@^6.6.3",
        "npm:@testing-library/react@^16.3.0",
        "npm:@types/node@^24.0.10",
        "npm:@types/react-dom@^19.1.6",
        "npm:@types/react@^19.1.8",
        "npm:@vitejs/plugin-react@^4.6.0",
        "npm:eslint-plugin-react-hooks@^5.2.0",
        "npm:eslint-plugin-react-refresh@~0.4.20",
        "npm:eslint@^9.30.1",
        "npm:globals@^16.3.0",
        "npm:jsdom@^26.1.0",
        "npm:prettier@^3.6.2",
        "npm:react-dom@^19.1.0",
        "npm:react-router-dom@^7.6.3",
        "npm:react@^19.1.0",
        "npm:typescript-eslint@^8.35.1",
        "npm:typescript@~5.8.3",
        "npm:vite@^7.0.4",
        "npm:vitest@^3.2.4"
      ]
    }
  }
}
